
Microsoft Visual Studio Solution File, Format Version 12.00
# Visual Studio Version 16
VisualStudioVersion = 16.0.28922.388
MinimumVisualStudioVersion = 10.0.40219.1
Project("{9092AA53-FB77-4645-B42D-1CCCA6BD08BD}") = "ProjectTTT", "ProjectTTT\ProjectTTT.njsproj", "{11F678D0-C585-4607-B5D2-D06AC314BE8D}"
EndProject
Global
	GlobalSection(SolutionConfigurationPlatforms) = preSolution
		Debug|Any CPU = Debug|Any CPU
		Release|Any CPU = Release|Any CPU
	EndGlobalSection
	GlobalSection(ProjectConfigurationPlatforms) = postSolution
		{11F678D0-C585-4607-B5D2-D06AC314BE8D}.Debug|Any CPU.ActiveCfg = Debug|Any CPU
		{11F678D0-C585-4607-B5D2-D06AC314BE8D}.Debug|Any CPU.Build.0 = Debug|Any CPU
		{11F678D0-C585-4607-B5D2-D06AC314BE8D}.Release|Any CPU.ActiveCfg = Release|Any CPU
		{11F678D0-C585-4607-B5D2-D06AC314BE8D}.Release|Any CPU.Build.0 = Release|Any CPU
	EndGlobalSection
	GlobalSection(SolutionProperties) = preSolution
		HideSolutionNode = FALSE
	EndGlobalSection
	GlobalSection(ExtensibilityGlobals) = postSolution
		SolutionGuid = {D29BDE53-665E-44B7-AC56-684EF101789B}
	EndGlobalSection
EndGlobal
